
Microsoft Visual Studio Solution File, Format Version 11.00
# Visual Studio 2010
Project("{FAE04EC0-301F-11D3-BF4B-00C04F79EFBC}") = "yeuthietkeweb.cms", "yeuthietkeweb.cms\yeuthietkeweb.cms.csproj", "{26D396C6-8504-4CEC-97DF-D349A4FFD476}"
EndProject
Global
	GlobalSection(SolutionConfigurationPlatforms) = preSolution
		Debug|Any CPU = Debug|Any CPU
		Release|Any CPU = Release|Any CPU
	EndGlobalSection
	GlobalSection(ProjectConfigurationPlatforms) = postSolution
		{26D396C6-8504-4CEC-97DF-D349A4FFD476}.Debug|Any CPU.ActiveCfg = Debug|Any CPU
		{26D396C6-8504-4CEC-97DF-D349A4FFD476}.Debug|Any CPU.Build.0 = Debug|Any CPU
		{26D396C6-8504-4CEC-97DF-D349A4FFD476}.Release|Any CPU.ActiveCfg = Release|Any CPU
		{26D396C6-8504-4CEC-97DF-D349A4FFD476}.Release|Any CPU.Build.0 = Release|Any CPU
	EndGlobalSection
	GlobalSection(SolutionProperties) = preSolution
		HideSolutionNode = FALSE
	EndGlobalSection
EndGlobal
